
Microsoft Visual Studio Solution File, Format Version 12.00
# Visual Studio 15
VisualStudioVersion = 15.0.26430.16
MinimumVisualStudioVersion = 10.0.40219.1
Project("{FAE04EC0-301F-11D3-BF4B-00C04F79EFBC}") = "Chunk List", "Chunk List\Chunk List.csproj", "{9CB9B4AB-13B7-4409-A76F-5FDC629BCD27}"
EndProject
Project("{FAE04EC0-301F-11D3-BF4B-00C04F79EFBC}") = "Unit Test", "Unit Test\Unit Test.csproj", "{7DA300A5-047B-4366-A463-607B204F0816}"
EndProject
Global
	GlobalSection(SolutionConfigurationPlatforms) = preSolution
		Debug|Any CPU = Debug|Any CPU
		Debug|x64 = Debug|x64
		Release|Any CPU = Release|Any CPU
		Release|x64 = Release|x64
	EndGlobalSection
	GlobalSection(ProjectConfigurationPlatforms) = postSolution
		{9CB9B4AB-13B7-4409-A76F-5FDC629BCD27}.Debug|Any CPU.ActiveCfg = Debug|Any CPU
		{9CB9B4AB-13B7-4409-A76F-5FDC629BCD27}.Debug|Any CPU.Build.0 = Debug|Any CPU
		{9CB9B4AB-13B7-4409-A76F-5FDC629BCD27}.Debug|x64.ActiveCfg = Debug|x64
		{9CB9B4AB-13B7-4409-A76F-5FDC629BCD27}.Debug|x64.Build.0 = Debug|x64
		{9CB9B4AB-13B7-4409-A76F-5FDC629BCD27}.Release|Any CPU.ActiveCfg = Release|Any CPU
		{9CB9B4AB-13B7-4409-A76F-5FDC629BCD27}.Release|Any CPU.Build.0 = Release|Any CPU
		{9CB9B4AB-13B7-4409-A76F-5FDC629BCD27}.Release|x64.ActiveCfg = Release|x64
		{9CB9B4AB-13B7-4409-A76F-5FDC629BCD27}.Release|x64.Build.0 = Release|x64
		{7DA300A5-047B-4366-A463-607B204F0816}.Debug|Any CPU.ActiveCfg = Debug|Any CPU
		{7DA300A5-047B-4366-A463-607B204F0816}.Debug|Any CPU.Build.0 = Debug|Any CPU
		{7DA300A5-047B-4366-A463-607B204F0816}.Debug|x64.ActiveCfg = Debug|Any CPU
		{7DA300A5-047B-4366-A463-607B204F0816}.Debug|x64.Build.0 = Debug|Any CPU
		{7DA300A5-047B-4366-A463-607B204F0816}.Release|Any CPU.ActiveCfg = Release|Any CPU
		{7DA300A5-047B-4366-A463-607B204F0816}.Release|Any CPU.Build.0 = Release|Any CPU
		{7DA300A5-047B-4366-A463-607B204F0816}.Release|x64.ActiveCfg = Release|Any CPU
		{7DA300A5-047B-4366-A463-607B204F0816}.Release|x64.Build.0 = Release|Any CPU
		{7DA300A5-047B-4366-A463-607B204F0816}.Release|x64.Deploy.0 = Release|Any CPU
	EndGlobalSection
	GlobalSection(SolutionProperties) = preSolution
		HideSolutionNode = FALSE
	EndGlobalSection
EndGlobal
